
Microsoft Visual Studio Solution File, Format Version 12.00
# Visual Studio Version 16
VisualStudioVersion = 16.0.29318.209
MinimumVisualStudioVersion = 10.0.40219.1
Project("{FAE04EC0-301F-11D3-BF4B-00C04F79EFBC}") = "AppMobile.Android", "AppMobile\AppMobile.Android\AppMobile.Android.csproj", "{42E4F5F6-AFDE-49D6-91E9-F1D1D224C568}"
EndProject
Project("{FAE04EC0-301F-11D3-BF4B-00C04F79EFBC}") = "AppMobile.iOS", "AppMobile\AppMobile.iOS\AppMobile.iOS.csproj", "{A26DB641-31B3-47D1-A15D-0267A5C2CEE4}"
EndProject
Project("{FAE04EC0-301F-11D3-BF4B-00C04F79EFBC}") = "AppMobile", "AppMobile\AppMobile\AppMobile.csproj", "{8217ACA8-2226-4021-A716-94E0CD2ED7B0}"
EndProject
Global
	GlobalSection(SolutionConfigurationPlatforms) = preSolution
		Debug|Any CPU = Debug|Any CPU
		Debug|iPhone = Debug|iPhone
		Debug|iPhoneSimulator = Debug|iPhoneSimulator
		Release|Any CPU = Release|Any CPU
		Release|iPhone = Release|iPhone
		Release|iPhoneSimulator = Release|iPhoneSimulator
	EndGlobalSection
	GlobalSection(ProjectConfigurationPlatforms) = postSolution
		{42E4F5F6-AFDE-49D6-91E9-F1D1D224C568}.Debug|Any CPU.ActiveCfg = Debug|Any CPU
		{42E4F5F6-AFDE-49D6-91E9-F1D1D224C568}.Debug|Any CPU.Build.0 = Debug|Any CPU
		{42E4F5F6-AFDE-49D6-91E9-F1D1D224C568}.Debug|Any CPU.Deploy.0 = Debug|Any CPU
		{42E4F5F6-AFDE-49D6-91E9-F1D1D224C568}.Debug|iPhone.ActiveCfg = Debug|Any CPU
		{42E4F5F6-AFDE-49D6-91E9-F1D1D224C568}.Debug|iPhone.Build.0 = Debug|Any CPU
		{42E4F5F6-AFDE-49D6-91E9-F1D1D224C568}.Debug|iPhone.Deploy.0 = Debug|Any CPU
		{42E4F5F6-AFDE-49D6-91E9-F1D1D224C568}.Debug|iPhoneSimulator.ActiveCfg = Debug|Any CPU
		{42E4F5F6-AFDE-49D6-91E9-F1D1D224C568}.Debug|iPhoneSimulator.Build.0 = Debug|Any CPU
		{42E4F5F6-AFDE-49D6-91E9-F1D1D224C568}.Debug|iPhoneSimulator.Deploy.0 = Debug|Any CPU
		{42E4F5F6-AFDE-49D6-91E9-F1D1D224C568}.Release|Any CPU.ActiveCfg = Release|Any CPU
		{42E4F5F6-AFDE-49D6-91E9-F1D1D224C568}.Release|Any CPU.Build.0 = Release|Any CPU
		{42E4F5F6-AFDE-49D6-91E9-F1D1D224C568}.Release|Any CPU.Deploy.0 = Release|Any CPU
		{42E4F5F6-AFDE-49D6-91E9-F1D1D224C568}.Release|iPhone.ActiveCfg = Release|Any CPU
		{42E4F5F6-AFDE-49D6-91E9-F1D1D224C568}.Release|iPhone.Build.0 = Release|Any CPU
		{42E4F5F6-AFDE-49D6-91E9-F1D1D224C568}.Release|iPhone.Deploy.0 = Release|Any CPU
		{42E4F5F6-AFDE-49D6-91E9-F1D1D224C568}.Release|iPhoneSimulator.ActiveCfg = Release|Any CPU
		{42E4F5F6-AFDE-49D6-91E9-F1D1D224C568}.Release|iPhoneSimulator.Build.0 = Release|Any CPU
		{42E4F5F6-AFDE-49D6-91E9-F1D1D224C568}.Release|iPhoneSimulator.Deploy.0 = Release|Any CPU
		{A26DB641-31B3-47D1-A15D-0267A5C2CEE4}.Debug|Any CPU.ActiveCfg = Debug|iPhoneSimulator
		{A26DB641-31B3-47D1-A15D-0267A5C2CEE4}.Debug|Any CPU.Build.0 = Debug|iPhoneSimulator
		{A26DB641-31B3-47D1-A15D-0267A5C2CEE4}.Debug|Any CPU.Deploy.0 = Debug|iPhoneSimulator
		{A26DB641-31B3-47D1-A15D-0267A5C2CEE4}.Debug|iPhone.ActiveCfg = Debug|iPhone
		{A26DB641-31B3-47D1-A15D-0267A5C2CEE4}.Debug|iPhone.Build.0 = Debug|iPhone
		{A26DB641-31B3-47D1-A15D-0267A5C2CEE4}.Debug|iPhone.Deploy.0 = Debug|iPhone
		{A26DB641-31B3-47D1-A15D-0267A5C2CEE4}.Debug|iPhoneSimulator.ActiveCfg = Debug|iPhoneSimulator
		{A26DB641-31B3-47D1-A15D-0267A5C2CEE4}.Debug|iPhoneSimulator.Build.0 = Debug|iPhoneSimulator
		{A26DB641-31B3-47D1-A15D-0267A5C2CEE4}.Debug|iPhoneSimulator.Deploy.0 = Debug|iPhoneSimulator
		{A26DB641-31B3-47D1-A15D-0267A5C2CEE4}.Release|Any CPU.ActiveCfg = Release|iPhone
		{A26DB641-31B3-47D1-A15D-0267A5C2CEE4}.Release|Any CPU.Build.0 = Release|iPhone
		{A26DB641-31B3-47D1-A15D-0267A5C2CEE4}.Release|Any CPU.Deploy.0 = Release|iPhone
		{A26DB641-31B3-47D1-A15D-0267A5C2CEE4}.Release|iPhone.ActiveCfg = Release|iPhone
		{A26DB641-31B3-47D1-A15D-0267A5C2CEE4}.Release|iPhone.Build.0 = Release|iPhone
		{A26DB641-31B3-47D1-A15D-0267A5C2CEE4}.Release|iPhone.Deploy.0 = Release|iPhone
		{A26DB641-31B3-47D1-A15D-0267A5C2CEE4}.Release|iPhoneSimulator.ActiveCfg = Release|iPhoneSimulator
		{A26DB641-31B3-47D1-A15D-0267A5C2CEE4}.Release|iPhoneSimulator.Build.0 = Release|iPhoneSimulator
		{A26DB641-31B3-47D1-A15D-0267A5C2CEE4}.Release|iPhoneSimulator.Deploy.0 = Release|iPhoneSimulator
		{8217ACA8-2226-4021-A716-94E0CD2ED7B0}.Debug|Any CPU.ActiveCfg = Debug|Any CPU
		{8217ACA8-2226-4021-A716-94E0CD2ED7B0}.Debug|Any CPU.Build.0 = Debug|Any CPU
		{8217ACA8-2226-4021-A716-94E0CD2ED7B0}.Debug|Any CPU.Deploy.0 = Debug|Any CPU
		{8217ACA8-2226-4021-A716-94E0CD2ED7B0}.Debug|iPhone.ActiveCfg = Debug|Any CPU
		{8217ACA8-2226-4021-A716-94E0CD2ED7B0}.Debug|iPhone.Build.0 = Debug|Any CPU
		{8217ACA8-2226-4021-A716-94E0CD2ED7B0}.Debug|iPhone.Deploy.0 = Debug|Any CPU
		{8217ACA8-2226-4021-A716-94E0CD2ED7B0}.Debug|iPhoneSimulator.ActiveCfg = Debug|Any CPU
		{8217ACA8-2226-4021-A716-94E0CD2ED7B0}.Debug|iPhoneSimulator.Build.0 = Debug|Any CPU
		{8217ACA8-2226-4021-A716-94E0CD2ED7B0}.Debug|iPhoneSimulator.Deploy.0 = Debug|Any CPU
		{8217ACA8-2226-4021-A716-94E0CD2ED7B0}.Release|Any CPU.ActiveCfg = Release|Any CPU
		{8217ACA8-2226-4021-A716-94E0CD2ED7B0}.Release|Any CPU.Build.0 = Release|Any CPU
		{8217ACA8-2226-4021-A716-94E0CD2ED7B0}.Release|Any CPU.Deploy.0 = Release|Any CPU
		{8217ACA8-2226-4021-A716-94E0CD2ED7B0}.Release|iPhone.ActiveCfg = Release|Any CPU
		{8217ACA8-2226-4021-A716-94E0CD2ED7B0}.Release|iPhone.Build.0 = Release|Any CPU
		{8217ACA8-2226-4021-A716-94E0CD2ED7B0}.Release|iPhone.Deploy.0 = Release|Any CPU
		{8217ACA8-2226-4021-A716-94E0CD2ED7B0}.Release|iPhoneSimulator.ActiveCfg = Release|Any CPU
		{8217ACA8-2226-4021-A716-94E0CD2ED7B0}.Release|iPhoneSimulator.Build.0 = Release|Any CPU
		{8217ACA8-2226-4021-A716-94E0CD2ED7B0}.Release|iPhoneSimulator.Deploy.0 = Release|Any CPU
	EndGlobalSection
	GlobalSection(SolutionProperties) = preSolution
		HideSolutionNode = FALSE
	EndGlobalSection
	GlobalSection(ExtensibilityGlobals) = postSolution
		SolutionGuid = {50F9C099-82AA-487C-B998-9EF4EBCE2283}
	EndGlobalSection
EndGlobal
